
Microsoft Visual Studio Solution File, Format Version 12.00
# Visual Studio Version 17
VisualStudioVersion = 17.13.36105.23 d17.13
MinimumVisualStudioVersion = 10.0.40219.1
Project("{FAE04EC0-301F-11D3-BF4B-00C04F79EFBC}") = "ProCommandos", "ProCommandos.csproj", "{7C03CB87-078F-43DA-BF4C-8AC5A06DDA42}"
EndProject
Global
	GlobalSection(SolutionConfigurationPlatforms) = preSolution
		Debug|Any CPU = Debug|Any CPU
		Release|Any CPU = Release|Any CPU
	EndGlobalSection
	GlobalSection(ProjectConfigurationPlatforms) = postSolution
		{7C03CB87-078F-43DA-BF4C-8AC5A06DDA42}.Debug|Any CPU.ActiveCfg = Debug|Any CPU
		{7C03CB87-078F-43DA-BF4C-8AC5A06DDA42}.Debug|Any CPU.Build.0 = Debug|Any CPU
		{7C03CB87-078F-43DA-BF4C-8AC5A06DDA42}.Release|Any CPU.ActiveCfg = Release|Any CPU
		{7C03CB87-078F-43DA-BF4C-8AC5A06DDA42}.Release|Any CPU.Build.0 = Release|Any CPU
	EndGlobalSection
	GlobalSection(SolutionProperties) = preSolution
		HideSolutionNode = FALSE
	EndGlobalSection
	GlobalSection(ExtensibilityGlobals) = postSolution
		SolutionGuid = {0ED58ACA-B38D-425D-B132-2446FDB3C6A3}
	EndGlobalSection
EndGlobal
